
Microsoft Visual Studio Solution File, Format Version 12.00
# Visual Studio Version 16
VisualStudioVersion = 16.0.30011.22
MinimumVisualStudioVersion = 10.0.40219.1
Project("{9A19103F-16F7-4668-BE54-9A1E7A4F7556}") = "exclucv", "exclucv\exclucv.csproj", "{E7BA0CE9-1BCF-403A-BE72-6F7F3CE461DF}"
EndProject
Project("{9A19103F-16F7-4668-BE54-9A1E7A4F7556}") = "exclucv.DAL", "exclucv.DAL\exclucv.DAL.csproj", "{2716E2B7-3495-46B6-8FF5-6EA90BC5A114}"
EndProject
Project("{FAE04EC0-301F-11D3-BF4B-00C04F79EFBC}") = "exclucv.Services", "exclucv.Services\exclucv.Services.csproj", "{8570FBD2-9437-49A3-B88E-F6AC25478F7F}"
EndProject
Global
	GlobalSection(SolutionConfigurationPlatforms) = preSolution
		Debug|Any CPU = Debug|Any CPU
		Release|Any CPU = Release|Any CPU
	EndGlobalSection
	GlobalSection(ProjectConfigurationPlatforms) = postSolution
		{E7BA0CE9-1BCF-403A-BE72-6F7F3CE461DF}.Debug|Any CPU.ActiveCfg = Debug|Any CPU
		{E7BA0CE9-1BCF-403A-BE72-6F7F3CE461DF}.Debug|Any CPU.Build.0 = Debug|Any CPU
		{E7BA0CE9-1BCF-403A-BE72-6F7F3CE461DF}.Release|Any CPU.ActiveCfg = Release|Any CPU
		{E7BA0CE9-1BCF-403A-BE72-6F7F3CE461DF}.Release|Any CPU.Build.0 = Release|Any CPU
		{2716E2B7-3495-46B6-8FF5-6EA90BC5A114}.Debug|Any CPU.ActiveCfg = Debug|Any CPU
		{2716E2B7-3495-46B6-8FF5-6EA90BC5A114}.Debug|Any CPU.Build.0 = Debug|Any CPU
		{2716E2B7-3495-46B6-8FF5-6EA90BC5A114}.Release|Any CPU.ActiveCfg = Release|Any CPU
		{2716E2B7-3495-46B6-8FF5-6EA90BC5A114}.Release|Any CPU.Build.0 = Release|Any CPU
		{8570FBD2-9437-49A3-B88E-F6AC25478F7F}.Debug|Any CPU.ActiveCfg = Debug|Any CPU
		{8570FBD2-9437-49A3-B88E-F6AC25478F7F}.Debug|Any CPU.Build.0 = Debug|Any CPU
		{8570FBD2-9437-49A3-B88E-F6AC25478F7F}.Release|Any CPU.ActiveCfg = Release|Any CPU
		{8570FBD2-9437-49A3-B88E-F6AC25478F7F}.Release|Any CPU.Build.0 = Release|Any CPU
	EndGlobalSection
	GlobalSection(SolutionProperties) = preSolution
		HideSolutionNode = FALSE
	EndGlobalSection
	GlobalSection(ExtensibilityGlobals) = postSolution
		SolutionGuid = {DC2E8D02-F106-48FB-B066-7C0AF5FFAEF2}
	EndGlobalSection
EndGlobal
